{
  "name": "lyschneider",
  "lockfileVersion": 2,
  "requires": true,
  "packages": {
    "": {
      "dependencies": {
        "photoswipe": "^5.3.4"
      }
    },
    "node_modules/photoswipe": {
      "version": "5.3.4",
      "resolved": "https://registry.npmjs.org/photoswipe/-/photoswipe-5.3.4.tgz",
      "integrity": "sha512-SN+RWHqxJvdwzXJsh8KrG+ajjPpdTX5HpKglEd0k9o6o5fW+QHPkW8//Bo11MB+NQwTa/hFw8BDv2EdxiDXjNw==",
      "engines": {
        "node": ">= 0.12.0"
      }
    }
  },
  "dependencies": {
    "photoswipe": {
      "version": "5.3.4",
      "resolved": "https://registry.npmjs.org/photoswipe/-/photoswipe-5.3.4.tgz",
      "integrity": "sha512-SN+RWHqxJvdwzXJsh8KrG+ajjPpdTX5HpKglEd0k9o6o5fW+QHPkW8//Bo11MB+NQwTa/hFw8BDv2EdxiDXjNw=="
    }
  }
}
